{
  "pins" : [
    {
      "identity" : "alamofire",
      "kind" : "remoteSourceControl",
      "location" : "https://github.com/Alamofire/Alamofire",
      "state" : {
        "revision" : "eaf6e622dd41b07b251d8f01752eab31bc811493",
        "version" : "5.4.1"
      }
    },
    {
      "identity" : "codablex",
      "kind" : "remoteSourceControl",
      "location" : "https://github.com/dscyrescotti/CodableX",
      "state" : {
        "revision" : "7347c5b29c5730eac9c238e5be7a6864d57d6f0f",
        "version" : "0.2.0"
      }
    },
    {
      "identity" : "keychainaccess",
      "kind" : "remoteSourceControl",
      "location" : "https://github.com/kishikawakatsumi/KeychainAccess",
      "state" : {
        "branch" : "master",
        "revision" : "ecb18d8ce4d88277cc4fb103973352d91e18c535"
      }
    },
    {
      "identity" : "kingfisher",
      "kind" : "remoteSourceControl",
      "location" : "https://github.com/onevcat/Kingfisher.git",
      "state" : {
        "revision" : "d0d669fba45e16b0669ce4986725b71da41c4049",
        "version" : "6.0.1"
      }
    }
  ],
  "version" : 2
}
