// !$*UTF8*$!
{
	archiveVersion = 1;
	classes = {
	};
	objectVersion = 56;
	objects = {

/* Begin PBXBuildFile section */
		4900E3712A542DAB005E29D8 /* CreditsView.swift in Sources */ = {isa = PBXBuildFile; fileRef = 4900E3702A542DAB005E29D8 /* CreditsView.swift */; };
		4900E3732A5440C1005E29D8 /* SheetImage.swift in Sources */ = {isa = PBXBuildFile; fileRef = 4900E3722A5440C1005E29D8 /* SheetImage.swift */; };
		4900E3752A54428D005E29D8 /* ColorHelper.swift in Sources */ = {isa = PBXBuildFile; fileRef = 4900E3742A54428D005E29D8 /* ColorHelper.swift */; };
		49080F982A376E94007F130F /* HomeViewModel.swift in Sources */ = {isa = PBXBuildFile; fileRef = 49080F972A376E94007F130F /* HomeViewModel.swift */; };
		49080FA02A37734C007F130F /* HomeRow.swift in Sources */ = {isa = PBXBuildFile; fileRef = 49080F9F2A37734C007F130F /* HomeRow.swift */; };
		49080FA22A377378007F130F /* Results.swift in Sources */ = {isa = PBXBuildFile; fileRef = 49080FA12A377378007F130F /* Results.swift */; };
		49080FA42A3773E9007F130F /* Endpoints.swift in Sources */ = {isa = PBXBuildFile; fileRef = 49080FA32A3773E9007F130F /* Endpoints.swift */; };
		492653372A2F376E00C1B089 /* LoginThumbnail.swift in Sources */ = {isa = PBXBuildFile; fileRef = 492653362A2F376E00C1B089 /* LoginThumbnail.swift */; };
		492653392A2F460E00C1B089 /* WarningComponent.swift in Sources */ = {isa = PBXBuildFile; fileRef = 492653382A2F460E00C1B089 /* WarningComponent.swift */; };
		4926533B2A2F47E800C1B089 /* Warning.swift in Sources */ = {isa = PBXBuildFile; fileRef = 4926533A2A2F47E800C1B089 /* Warning.swift */; };
		4926533D2A2F506E00C1B089 /* HomeView.swift in Sources */ = {isa = PBXBuildFile; fileRef = 4926533C2A2F506E00C1B089 /* HomeView.swift */; };
		492653402A2F53C400C1B089 /* Search.swift in Sources */ = {isa = PBXBuildFile; fileRef = 4926533F2A2F53C400C1B089 /* Search.swift */; };
		492653432A2F565000C1B089 /* SearchField.swift in Sources */ = {isa = PBXBuildFile; fileRef = 492653422A2F565000C1B089 /* SearchField.swift */; };
		492653472A2F842700C1B089 /* LoginViewModel.swift in Sources */ = {isa = PBXBuildFile; fileRef = 492653462A2F842700C1B089 /* LoginViewModel.swift */; };
		4926534B2A2F892A00C1B089 /* UserService.swift in Sources */ = {isa = PBXBuildFile; fileRef = 4926534A2A2F892A00C1B089 /* UserService.swift */; };
		4926534D2A2F893E00C1B089 /* ApiService.swift in Sources */ = {isa = PBXBuildFile; fileRef = 4926534C2A2F893E00C1B089 /* ApiService.swift */; };
		492653502A2F8A1000C1B089 /* Alamofire in Frameworks */ = {isa = PBXBuildFile; productRef = 4926534F2A2F8A1000C1B089 /* Alamofire */; };
		4926536E2A30D4B700C1B089 /* KeychainAccess in Frameworks */ = {isa = PBXBuildFile; productRef = 4926536D2A30D4B700C1B089 /* KeychainAccess */; };
		492653712A30D4E400C1B089 /* CodableX in Frameworks */ = {isa = PBXBuildFile; productRef = 492653702A30D4E400C1B089 /* CodableX */; };
		492653732A30DC5B00C1B089 /* Authentication.swift in Sources */ = {isa = PBXBuildFile; fileRef = 492653722A30DC5B00C1B089 /* Authentication.swift */; };
		4927B1552A2F2A690088F83A /* Login.swift in Sources */ = {isa = PBXBuildFile; fileRef = 4927B1542A2F2A690088F83A /* Login.swift */; };
		4927B1572A2F2BA60088F83A /* InputField.swift in Sources */ = {isa = PBXBuildFile; fileRef = 4927B1562A2F2BA60088F83A /* InputField.swift */; };
		495726A82A446A7900D9BD42 /* Lottie in Frameworks */ = {isa = PBXBuildFile; productRef = 495726A72A446A7900D9BD42 /* Lottie */; };
		495726AA2A446AF200D9BD42 /* LottieView.swift in Sources */ = {isa = PBXBuildFile; fileRef = 495726A92A446AF200D9BD42 /* LottieView.swift */; };
		495726B12A44A49900D9BD42 /* action.json in Resources */ = {isa = PBXBuildFile; fileRef = 495726B02A44A49900D9BD42 /* action.json */; };
		495726B32A44A94400D9BD42 /* SettingsView.swift in Sources */ = {isa = PBXBuildFile; fileRef = 495726B22A44A94400D9BD42 /* SettingsView.swift */; };
		495726B72A4586D200D9BD42 /* LoadingView.swift in Sources */ = {isa = PBXBuildFile; fileRef = 495726B62A4586D200D9BD42 /* LoadingView.swift */; };
		495726BB2A45AB2600D9BD42 /* loading.json in Resources */ = {isa = PBXBuildFile; fileRef = 495726BA2A45AB2600D9BD42 /* loading.json */; };
		495726E52A49B0F400D9BD42 /* Account.swift in Sources */ = {isa = PBXBuildFile; fileRef = 495726E42A49B0F400D9BD42 /* Account.swift */; };
		4963648B2A2DC251009BCB9A /* MovieApp.swift in Sources */ = {isa = PBXBuildFile; fileRef = 4963648A2A2DC251009BCB9A /* MovieApp.swift */; };
		4963648D2A2DC251009BCB9A /* ContentView.swift in Sources */ = {isa = PBXBuildFile; fileRef = 4963648C2A2DC251009BCB9A /* ContentView.swift */; };
		4963648F2A2DC252009BCB9A /* Assets.xcassets in Resources */ = {isa = PBXBuildFile; fileRef = 4963648E2A2DC252009BCB9A /* Assets.xcassets */; };
		496364922A2DC252009BCB9A /* Preview Assets.xcassets in Resources */ = {isa = PBXBuildFile; fileRef = 496364912A2DC252009BCB9A /* Preview Assets.xcassets */; };
		496364A22A2E32F0009BCB9A /* ImageCard.swift in Sources */ = {isa = PBXBuildFile; fileRef = 496364A12A2E32F0009BCB9A /* ImageCard.swift */; };
		496364AA2A2E39D5009BCB9A /* Img.swift in Sources */ = {isa = PBXBuildFile; fileRef = 496364A92A2E39D5009BCB9A /* Img.swift */; };
		496364AE2A2E3BED009BCB9A /* Kingfisher in Frameworks */ = {isa = PBXBuildFile; productRef = 496364AD2A2E3BED009BCB9A /* Kingfisher */; };
		496364B02A2E457A009BCB9A /* ImageCardRow.swift in Sources */ = {isa = PBXBuildFile; fileRef = 496364AF2A2E457A009BCB9A /* ImageCardRow.swift */; };
		496364B32A2F2243009BCB9A /* Dummy.swift in Sources */ = {isa = PBXBuildFile; fileRef = 496364B22A2F2243009BCB9A /* Dummy.swift */; };
		4974ABBF2A3A135A0076A9EF /* View+Extensions.swift in Sources */ = {isa = PBXBuildFile; fileRef = 4974ABBE2A3A135A0076A9EF /* View+Extensions.swift */; };
		4974ABC32A3A15E30076A9EF /* MediaDetailsView.swift in Sources */ = {isa = PBXBuildFile; fileRef = 4974ABC22A3A15E30076A9EF /* MediaDetailsView.swift */; };
		4974ABC52A3A15F60076A9EF /* MediaDetailsViewModel.swift in Sources */ = {isa = PBXBuildFile; fileRef = 4974ABC42A3A15F60076A9EF /* MediaDetailsViewModel.swift */; };
		4974ABC72A3A17ED0076A9EF /* MediaDetails.swift in Sources */ = {isa = PBXBuildFile; fileRef = 4974ABC62A3A17ED0076A9EF /* MediaDetails.swift */; };
		497FBD822A3B1EBD008D3EF0 /* ImageCardRowMore.swift in Sources */ = {isa = PBXBuildFile; fileRef = 497FBD812A3B1EBD008D3EF0 /* ImageCardRowMore.swift */; };
		497FBD842A3B20BB008D3EF0 /* ImageCardRowViewModel.swift in Sources */ = {isa = PBXBuildFile; fileRef = 497FBD832A3B20BB008D3EF0 /* ImageCardRowViewModel.swift */; };
		497FBD882A3C4F3A008D3EF0 /* BackdropImg.swift in Sources */ = {isa = PBXBuildFile; fileRef = 497FBD872A3C4F3A008D3EF0 /* BackdropImg.swift */; };
		497FBD8B2A4037AB008D3EF0 /* YouTubePlayerKit in Frameworks */ = {isa = PBXBuildFile; productRef = 497FBD8A2A4037AB008D3EF0 /* YouTubePlayerKit */; };
		497FBD8F2A40645A008D3EF0 /* MediaDetailsRowMore.swift in Sources */ = {isa = PBXBuildFile; fileRef = 497FBD8E2A40645A008D3EF0 /* MediaDetailsRowMore.swift */; };
		49848B0E2A49CD4300B777C5 /* ContentViewModel.swift in Sources */ = {isa = PBXBuildFile; fileRef = 49848B0D2A49CD4300B777C5 /* ContentViewModel.swift */; };
		49848B122A4AD7B600B777C5 /* FavoritesView.swift in Sources */ = {isa = PBXBuildFile; fileRef = 49848B112A4AD7B600B777C5 /* FavoritesView.swift */; };
		49848B142A4AD7C900B777C5 /* FavoritesViewModel.swift in Sources */ = {isa = PBXBuildFile; fileRef = 49848B132A4AD7C900B777C5 /* FavoritesViewModel.swift */; };
		49848B1E2A4C926800B777C5 /* LazyViewSwiftUI in Frameworks */ = {isa = PBXBuildFile; productRef = 49848B1D2A4C926800B777C5 /* LazyViewSwiftUI */; };
		49848B202A4D72C900B777C5 /* FavoriteButton.swift in Sources */ = {isa = PBXBuildFile; fileRef = 49848B1F2A4D72C900B777C5 /* FavoriteButton.swift */; };
		49848B252A4DE17C00B777C5 /* DebugEnv.xcconfig in Resources */ = {isa = PBXBuildFile; fileRef = 49848B232A4DD4CF00B777C5 /* DebugEnv.xcconfig */; };
		49848B2F2A4EC93800B777C5 /* Localizable.strings in Resources */ = {isa = PBXBuildFile; fileRef = 49848B312A4EC93800B777C5 /* Localizable.strings */; };
		49848B382A4EFC9A00B777C5 /* LanguageTools.swift in Sources */ = {isa = PBXBuildFile; fileRef = 49848B372A4EFC9A00B777C5 /* LanguageTools.swift */; };
		49848B3B2A52AE6300B777C5 /* LanguageManagerSwiftUI in Frameworks */ = {isa = PBXBuildFile; productRef = 49848B3A2A52AE6300B777C5 /* LanguageManagerSwiftUI */; };
		49A4868D2A407A2200209D5B /* PersonDetailsView.swift in Sources */ = {isa = PBXBuildFile; fileRef = 49A4868C2A407A2200209D5B /* PersonDetailsView.swift */; };
		49A4868F2A407AB000209D5B /* PersonDetailsViewModel.swift in Sources */ = {isa = PBXBuildFile; fileRef = 49A4868E2A407AB000209D5B /* PersonDetailsViewModel.swift */; };
		49A486912A40B86900209D5B /* DateTools.swift in Sources */ = {isa = PBXBuildFile; fileRef = 49A486902A40B86900209D5B /* DateTools.swift */; };
		49A486932A40C0E200209D5B /* PersonImagesRow.swift in Sources */ = {isa = PBXBuildFile; fileRef = 49A486922A40C0E200209D5B /* PersonImagesRow.swift */; };
		49A486952A41993E00209D5B /* SearchViewModel.swift in Sources */ = {isa = PBXBuildFile; fileRef = 49A486942A41993E00209D5B /* SearchViewModel.swift */; };
		49A486972A41A03600209D5B /* NavigationLable.swift in Sources */ = {isa = PBXBuildFile; fileRef = 49A486962A41A03600209D5B /* NavigationLable.swift */; };
		49A486992A41A06300209D5B /* Card.swift in Sources */ = {isa = PBXBuildFile; fileRef = 49A486982A41A06300209D5B /* Card.swift */; };
		49AD7A162A420BF900A75190 /* WebView.swift in Sources */ = {isa = PBXBuildFile; fileRef = 49AD7A152A420BF900A75190 /* WebView.swift */; };
		49AD7A182A42EE8500A75190 /* DismissSheetButton.swift in Sources */ = {isa = PBXBuildFile; fileRef = 49AD7A172A42EE8500A75190 /* DismissSheetButton.swift */; };
		49AD7A1A2A42F4A300A75190 /* PosterRow.swift in Sources */ = {isa = PBXBuildFile; fileRef = 49AD7A192A42F4A300A75190 /* PosterRow.swift */; };
		49AD7A1C2A43014300A75190 /* ImagesTabNav.swift in Sources */ = {isa = PBXBuildFile; fileRef = 49AD7A1B2A43014300A75190 /* ImagesTabNav.swift */; };
		49AD7A1F2A43120500A75190 /* Env.swift in Sources */ = {isa = PBXBuildFile; fileRef = 49AD7A1E2A43120500A75190 /* Env.swift */; };
/* End PBXBuildFile section */

/* Begin PBXFileReference section */
		4900E3702A542DAB005E29D8 /* CreditsView.swift */ = {isa = PBXFileReference; fileEncoding = 4; lastKnownFileType = sourcecode.swift; path = CreditsView.swift; sourceTree = "<group>"; };
		4900E3722A5440C1005E29D8 /* SheetImage.swift */ = {isa = PBXFileReference; lastKnownFileType = sourcecode.swift; path = SheetImage.swift; sourceTree = "<group>"; };
		4900E3742A54428D005E29D8 /* ColorHelper.swift */ = {isa = PBXFileReference; lastKnownFileType = sourcecode.swift; path = ColorHelper.swift; sourceTree = "<group>"; };
		49080F972A376E94007F130F /* HomeViewModel.swift */ = {isa = PBXFileReference; lastKnownFileType = sourcecode.swift; path = HomeViewModel.swift; sourceTree = "<group>"; };
		49080F9F2A37734C007F130F /* HomeRow.swift */ = {isa = PBXFileReference; lastKnownFileType = sourcecode.swift; path = HomeRow.swift; sourceTree = "<group>"; };
		49080FA12A377378007F130F /* Results.swift */ = {isa = PBXFileReference; lastKnownFileType = sourcecode.swift; path = Results.swift; sourceTree = "<group>"; };
		49080FA32A3773E9007F130F /* Endpoints.swift */ = {isa = PBXFileReference; lastKnownFileType = sourcecode.swift; path = Endpoints.swift; sourceTree = "<group>"; };
		492653362A2F376E00C1B089 /* LoginThumbnail.swift */ = {isa = PBXFileReference; lastKnownFileType = sourcecode.swift; path = LoginThumbnail.swift; sourceTree = "<group>"; };
		492653382A2F460E00C1B089 /* WarningComponent.swift */ = {isa = PBXFileReference; lastKnownFileType = sourcecode.swift; path = WarningComponent.swift; sourceTree = "<group>"; };
		4926533A2A2F47E800C1B089 /* Warning.swift */ = {isa = PBXFileReference; lastKnownFileType = sourcecode.swift; path = Warning.swift; sourceTree = "<group>"; };
		4926533C2A2F506E00C1B089 /* HomeView.swift */ = {isa = PBXFileReference; lastKnownFileType = sourcecode.swift; path = HomeView.swift; sourceTree = "<group>"; };
		4926533F2A2F53C400C1B089 /* Search.swift */ = {isa = PBXFileReference; lastKnownFileType = sourcecode.swift; path = Search.swift; sourceTree = "<group>"; };
		492653422A2F565000C1B089 /* SearchField.swift */ = {isa = PBXFileReference; lastKnownFileType = sourcecode.swift; path = SearchField.swift; sourceTree = "<group>"; };
		492653462A2F842700C1B089 /* LoginViewModel.swift */ = {isa = PBXFileReference; lastKnownFileType = sourcecode.swift; path = LoginViewModel.swift; sourceTree = "<group>"; };
		4926534A2A2F892A00C1B089 /* UserService.swift */ = {isa = PBXFileReference; lastKnownFileType = sourcecode.swift; path = UserService.swift; sourceTree = "<group>"; };
		4926534C2A2F893E00C1B089 /* ApiService.swift */ = {isa = PBXFileReference; lastKnownFileType = sourcecode.swift; path = ApiService.swift; sourceTree = "<group>"; };
		492653512A2F8CD700C1B089 /* Info.plist */ = {isa = PBXFileReference; lastKnownFileType = text.plist.xml; path = Info.plist; sourceTree = "<group>"; };
		492653722A30DC5B00C1B089 /* Authentication.swift */ = {isa = PBXFileReference; lastKnownFileType = sourcecode.swift; path = Authentication.swift; sourceTree = "<group>"; };
		4927B1542A2F2A690088F83A /* Login.swift */ = {isa = PBXFileReference; lastKnownFileType = sourcecode.swift; path = Login.swift; sourceTree = "<group>"; };
		4927B1562A2F2BA60088F83A /* InputField.swift */ = {isa = PBXFileReference; lastKnownFileType = sourcecode.swift; path = InputField.swift; sourceTree = "<group>"; };
		495726A92A446AF200D9BD42 /* LottieView.swift */ = {isa = PBXFileReference; lastKnownFileType = sourcecode.swift; path = LottieView.swift; sourceTree = "<group>"; };
		495726B02A44A49900D9BD42 /* action.json */ = {isa = PBXFileReference; fileEncoding = 4; lastKnownFileType = text.json; path = action.json; sourceTree = "<group>"; };
		495726B22A44A94400D9BD42 /* SettingsView.swift */ = {isa = PBXFileReference; lastKnownFileType = sourcecode.swift; path = SettingsView.swift; sourceTree = "<group>"; };
		495726B62A4586D200D9BD42 /* LoadingView.swift */ = {isa = PBXFileReference; lastKnownFileType = sourcecode.swift; path = LoadingView.swift; sourceTree = "<group>"; };
		495726BA2A45AB2600D9BD42 /* loading.json */ = {isa = PBXFileReference; fileEncoding = 4; lastKnownFileType = text.json; path = loading.json; sourceTree = "<group>"; };
		495726E42A49B0F400D9BD42 /* Account.swift */ = {isa = PBXFileReference; lastKnownFileType = sourcecode.swift; path = Account.swift; sourceTree = "<group>"; };
		496364872A2DC251009BCB9A /* SuperMOVIE.app */ = {isa = PBXFileReference; explicitFileType = wrapper.application; includeInIndex = 0; path = SuperMOVIE.app; sourceTree = BUILT_PRODUCTS_DIR; };
		4963648A2A2DC251009BCB9A /* MovieApp.swift */ = {isa = PBXFileReference; lastKnownFileType = sourcecode.swift; path = MovieApp.swift; sourceTree = "<group>"; };
		4963648C2A2DC251009BCB9A /* ContentView.swift */ = {isa = PBXFileReference; lastKnownFileType = sourcecode.swift; path = ContentView.swift; sourceTree = "<group>"; };
		4963648E2A2DC252009BCB9A /* Assets.xcassets */ = {isa = PBXFileReference; lastKnownFileType = folder.assetcatalog; path = Assets.xcassets; sourceTree = "<group>"; };
		496364912A2DC252009BCB9A /* Preview Assets.xcassets */ = {isa = PBXFileReference; lastKnownFileType = folder.assetcatalog; path = "Preview Assets.xcassets"; sourceTree = "<group>"; };
		496364A12A2E32F0009BCB9A /* ImageCard.swift */ = {isa = PBXFileReference; lastKnownFileType = sourcecode.swift; path = ImageCard.swift; sourceTree = "<group>"; };
		496364A92A2E39D5009BCB9A /* Img.swift */ = {isa = PBXFileReference; lastKnownFileType = sourcecode.swift; path = Img.swift; sourceTree = "<group>"; };
		496364AF2A2E457A009BCB9A /* ImageCardRow.swift */ = {isa = PBXFileReference; lastKnownFileType = sourcecode.swift; path = ImageCardRow.swift; sourceTree = "<group>"; };
		496364B22A2F2243009BCB9A /* Dummy.swift */ = {isa = PBXFileReference; lastKnownFileType = sourcecode.swift; path = Dummy.swift; sourceTree = "<group>"; };
		4974ABBE2A3A135A0076A9EF /* View+Extensions.swift */ = {isa = PBXFileReference; lastKnownFileType = sourcecode.swift; path = "View+Extensions.swift"; sourceTree = "<group>"; };
		4974ABC22A3A15E30076A9EF /* MediaDetailsView.swift */ = {isa = PBXFileReference; lastKnownFileType = sourcecode.swift; path = MediaDetailsView.swift; sourceTree = "<group>"; };
		4974ABC42A3A15F60076A9EF /* MediaDetailsViewModel.swift */ = {isa = PBXFileReference; lastKnownFileType = sourcecode.swift; path = MediaDetailsViewModel.swift; sourceTree = "<group>"; };
		4974ABC62A3A17ED0076A9EF /* MediaDetails.swift */ = {isa = PBXFileReference; lastKnownFileType = sourcecode.swift; path = MediaDetails.swift; sourceTree = "<group>"; };
		497FBD812A3B1EBD008D3EF0 /* ImageCardRowMore.swift */ = {isa = PBXFileReference; lastKnownFileType = sourcecode.swift; path = ImageCardRowMore.swift; sourceTree = "<group>"; };
		497FBD832A3B20BB008D3EF0 /* ImageCardRowViewModel.swift */ = {isa = PBXFileReference; lastKnownFileType = sourcecode.swift; path = ImageCardRowViewModel.swift; sourceTree = "<group>"; };
		497FBD872A3C4F3A008D3EF0 /* BackdropImg.swift */ = {isa = PBXFileReference; lastKnownFileType = sourcecode.swift; path = BackdropImg.swift; sourceTree = "<group>"; };
		497FBD8E2A40645A008D3EF0 /* MediaDetailsRowMore.swift */ = {isa = PBXFileReference; lastKnownFileType = sourcecode.swift; path = MediaDetailsRowMore.swift; sourceTree = "<group>"; };
		49848B0D2A49CD4300B777C5 /* ContentViewModel.swift */ = {isa = PBXFileReference; lastKnownFileType = sourcecode.swift; path = ContentViewModel.swift; sourceTree = "<group>"; };
		49848B112A4AD7B600B777C5 /* FavoritesView.swift */ = {isa = PBXFileReference; lastKnownFileType = sourcecode.swift; path = FavoritesView.swift; sourceTree = "<group>"; };
		49848B132A4AD7C900B777C5 /* FavoritesViewModel.swift */ = {isa = PBXFileReference; lastKnownFileType = sourcecode.swift; path = FavoritesViewModel.swift; sourceTree = "<group>"; };
		49848B1F2A4D72C900B777C5 /* FavoriteButton.swift */ = {isa = PBXFileReference; lastKnownFileType = sourcecode.swift; path = FavoriteButton.swift; sourceTree = "<group>"; };
		49848B232A4DD4CF00B777C5 /* DebugEnv.xcconfig */ = {isa = PBXFileReference; lastKnownFileType = text.xcconfig; name = DebugEnv.xcconfig; path = Movies/Env/DebugEnv.xcconfig; sourceTree = SOURCE_ROOT; };
		49848B242A4DDDF400B777C5 /* ReleaseEnv.xcconfig */ = {isa = PBXFileReference; lastKnownFileType = text.xcconfig; path = ReleaseEnv.xcconfig; sourceTree = "<group>"; };
		49848B302A4EC93800B777C5 /* en */ = {isa = PBXFileReference; lastKnownFileType = text.plist.strings; name = en; path = en.lproj/Localizable.strings; sourceTree = "<group>"; };
		49848B352A4ED2A200B777C5 /* es */ = {isa = PBXFileReference; lastKnownFileType = text.plist.strings; name = es; path = es.lproj/Localizable.strings; sourceTree = "<group>"; };
		49848B362A4ED8AD00B777C5 /* de */ = {isa = PBXFileReference; lastKnownFileType = text.plist.strings; name = de; path = de.lproj/Localizable.strings; sourceTree = "<group>"; };
		49848B372A4EFC9A00B777C5 /* LanguageTools.swift */ = {isa = PBXFileReference; lastKnownFileType = sourcecode.swift; path = LanguageTools.swift; sourceTree = "<group>"; };
		49A4868C2A407A2200209D5B /* PersonDetailsView.swift */ = {isa = PBXFileReference; lastKnownFileType = sourcecode.swift; path = PersonDetailsView.swift; sourceTree = "<group>"; };
		49A4868E2A407AB000209D5B /* PersonDetailsViewModel.swift */ = {isa = PBXFileReference; lastKnownFileType = sourcecode.swift; path = PersonDetailsViewModel.swift; sourceTree = "<group>"; };
		49A486902A40B86900209D5B /* DateTools.swift */ = {isa = PBXFileReference; lastKnownFileType = sourcecode.swift; path = DateTools.swift; sourceTree = "<group>"; };
		49A486922A40C0E200209D5B /* PersonImagesRow.swift */ = {isa = PBXFileReference; lastKnownFileType = sourcecode.swift; path = PersonImagesRow.swift; sourceTree = "<group>"; };
		49A486942A41993E00209D5B /* SearchViewModel.swift */ = {isa = PBXFileReference; lastKnownFileType = sourcecode.swift; path = SearchViewModel.swift; sourceTree = "<group>"; };
		49A486962A41A03600209D5B /* NavigationLable.swift */ = {isa = PBXFileReference; lastKnownFileType = sourcecode.swift; path = NavigationLable.swift; sourceTree = "<group>"; };
		49A486982A41A06300209D5B /* Card.swift */ = {isa = PBXFileReference; lastKnownFileType = sourcecode.swift; path = Card.swift; sourceTree = "<group>"; };
		49AD7A152A420BF900A75190 /* WebView.swift */ = {isa = PBXFileReference; lastKnownFileType = sourcecode.swift; path = WebView.swift; sourceTree = "<group>"; };
		49AD7A172A42EE8500A75190 /* DismissSheetButton.swift */ = {isa = PBXFileReference; lastKnownFileType = sourcecode.swift; path = DismissSheetButton.swift; sourceTree = "<group>"; };
		49AD7A192A42F4A300A75190 /* PosterRow.swift */ = {isa = PBXFileReference; lastKnownFileType = sourcecode.swift; path = PosterRow.swift; sourceTree = "<group>"; };
		49AD7A1B2A43014300A75190 /* ImagesTabNav.swift */ = {isa = PBXFileReference; lastKnownFileType = sourcecode.swift; path = ImagesTabNav.swift; sourceTree = "<group>"; };
		49AD7A1E2A43120500A75190 /* Env.swift */ = {isa = PBXFileReference; lastKnownFileType = sourcecode.swift; path = Env.swift; sourceTree = "<group>"; };
/* End PBXFileReference section */

/* Begin PBXFrameworksBuildPhase section */
		496364842A2DC251009BCB9A /* Frameworks */ = {
			isa = PBXFrameworksBuildPhase;
			buildActionMask = 2147483647;
			files = (
				49848B3B2A52AE6300B777C5 /* LanguageManagerSwiftUI in Frameworks */,
				496364AE2A2E3BED009BCB9A /* Kingfisher in Frameworks */,
				492653502A2F8A1000C1B089 /* Alamofire in Frameworks */,
				49848B1E2A4C926800B777C5 /* LazyViewSwiftUI in Frameworks */,
				497FBD8B2A4037AB008D3EF0 /* YouTubePlayerKit in Frameworks */,
				492653712A30D4E400C1B089 /* CodableX in Frameworks */,
				4926536E2A30D4B700C1B089 /* KeychainAccess in Frameworks */,
				495726A82A446A7900D9BD42 /* Lottie in Frameworks */,
			);
			runOnlyForDeploymentPostprocessing = 0;
		};
/* End PBXFrameworksBuildPhase section */

/* Begin PBXGroup section */
		4900E36D2A542B11005E29D8 /* SubViews */ = {
			isa = PBXGroup;
			children = (
				495726B62A4586D200D9BD42 /* LoadingView.swift */,
				4926533F2A2F53C400C1B089 /* Search.swift */,
				4974ABC22A3A15E30076A9EF /* MediaDetailsView.swift */,
				49A4868C2A407A2200209D5B /* PersonDetailsView.swift */,
				4900E3702A542DAB005E29D8 /* CreditsView.swift */,
			);
			path = SubViews;
			sourceTree = "<group>";
		};
		4900E36E2A542B67005E29D8 /* Services */ = {
			isa = PBXGroup;
			children = (
				4926534A2A2F892A00C1B089 /* UserService.swift */,
				4926534C2A2F893E00C1B089 /* ApiService.swift */,
			);
			path = Services;
			sourceTree = "<group>";
		};
		4900E36F2A542CA5005E29D8 /* Views */ = {
			isa = PBXGroup;
			children = (
				497FBD852A3C40F3008D3EF0 /* MainViews */,
				4900E36D2A542B11005E29D8 /* SubViews */,
				4974ABC02A3A136A0076A9EF /* Extensions */,
			);
			path = Views;
			sourceTree = "<group>";
		};
		49080F992A3770D8007F130F /* Helpers */ = {
			isa = PBXGroup;
			children = (
				496364B22A2F2243009BCB9A /* Dummy.swift */,
				4926533A2A2F47E800C1B089 /* Warning.swift */,
				49A486902A40B86900209D5B /* DateTools.swift */,
				49848B372A4EFC9A00B777C5 /* LanguageTools.swift */,
				4900E3742A54428D005E29D8 /* ColorHelper.swift */,
			);
			path = Helpers;
			sourceTree = "<group>";
		};
		492653742A30E05700C1B089 /* Models */ = {
			isa = PBXGroup;
			children = (
				492653722A30DC5B00C1B089 /* Authentication.swift */,
			);
			path = Models;
			sourceTree = "<group>";
		};
		495726AB2A44718500D9BD42 /* Lottie+Animations */ = {
			isa = PBXGroup;
			children = (
				495726A92A446AF200D9BD42 /* LottieView.swift */,
				495726B02A44A49900D9BD42 /* action.json */,
				495726BA2A45AB2600D9BD42 /* loading.json */,
			);
			path = "Lottie+Animations";
			sourceTree = "<group>";
		};
		4963647E2A2DC251009BCB9A = {
			isa = PBXGroup;
			children = (
				4963648A2A2DC251009BCB9A /* MovieApp.swift */,
				4963648C2A2DC251009BCB9A /* ContentView.swift */,
				496364892A2DC251009BCB9A /* Movies */,
				496364882A2DC251009BCB9A /* Products */,
			);
			sourceTree = "<group>";
		};
		496364882A2DC251009BCB9A /* Products */ = {
			isa = PBXGroup;
			children = (
				496364872A2DC251009BCB9A /* SuperMOVIE.app */,
			);
			name = Products;
			sourceTree = "<group>";
		};
		496364892A2DC251009BCB9A /* Movies */ = {
			isa = PBXGroup;
			children = (
				496364A32A2E33C4009BCB9A /* Data */,
				496364A52A2E33D2009BCB9A /* Domain */,
				496364A42A2E33CB009BCB9A /* Presentation */,
				49848B262A4EC72300B777C5 /* Ressources */,
				496364902A2DC252009BCB9A /* Preview Content */,
				49AD7A1D2A4311EB00A75190 /* Env */,
			);
			path = Movies;
			sourceTree = "<group>";
		};
		496364902A2DC252009BCB9A /* Preview Content */ = {
			isa = PBXGroup;
			children = (
				496364912A2DC252009BCB9A /* Preview Assets.xcassets */,
			);
			path = "Preview Content";
			sourceTree = "<group>";
		};
		496364982A2E1747009BCB9A /* Components */ = {
			isa = PBXGroup;
			children = (
				495726AB2A44718500D9BD42 /* Lottie+Animations */,
				49AD7A222A43507400A75190 /* Images+Rows+More */,
				49AD7A202A434A5200A75190 /* General */,
			);
			path = Components;
			sourceTree = "<group>";
		};
		496364A32A2E33C4009BCB9A /* Data */ = {
			isa = PBXGroup;
			children = (
				4900E36E2A542B67005E29D8 /* Services */,
				492653742A30E05700C1B089 /* Models */,
			);
			path = Data;
			sourceTree = "<group>";
		};
		496364A42A2E33CB009BCB9A /* Presentation */ = {
			isa = PBXGroup;
			children = (
				497FBD862A3C40FC008D3EF0 /* ViewModels */,
				4900E36F2A542CA5005E29D8 /* Views */,
				496364982A2E1747009BCB9A /* Components */,
			);
			path = Presentation;
			sourceTree = "<group>";
		};
		496364A52A2E33D2009BCB9A /* Domain */ = {
			isa = PBXGroup;
			children = (
				49080F992A3770D8007F130F /* Helpers */,
				496364A82A2E35BB009BCB9A /* Models */,
			);
			path = Domain;
			sourceTree = "<group>";
		};
		496364A82A2E35BB009BCB9A /* Models */ = {
			isa = PBXGroup;
			children = (
				49080F9F2A37734C007F130F /* HomeRow.swift */,
				49080FA32A3773E9007F130F /* Endpoints.swift */,
				495726E42A49B0F400D9BD42 /* Account.swift */,
				49080FA12A377378007F130F /* Results.swift */,
				4974ABC62A3A17ED0076A9EF /* MediaDetails.swift */,
			);
			path = Models;
			sourceTree = "<group>";
		};
		4974ABC02A3A136A0076A9EF /* Extensions */ = {
			isa = PBXGroup;
			children = (
				4974ABBE2A3A135A0076A9EF /* View+Extensions.swift */,
			);
			path = Extensions;
			sourceTree = "<group>";
		};
		497FBD852A3C40F3008D3EF0 /* MainViews */ = {
			isa = PBXGroup;
			children = (
				4927B1542A2F2A690088F83A /* Login.swift */,
				4926533C2A2F506E00C1B089 /* HomeView.swift */,
				49848B112A4AD7B600B777C5 /* FavoritesView.swift */,
				495726B22A44A94400D9BD42 /* SettingsView.swift */,
			);
			path = MainViews;
			sourceTree = "<group>";
		};
		497FBD862A3C40FC008D3EF0 /* ViewModels */ = {
			isa = PBXGroup;
			children = (
				49848B0D2A49CD4300B777C5 /* ContentViewModel.swift */,
				492653462A2F842700C1B089 /* LoginViewModel.swift */,
				49080F972A376E94007F130F /* HomeViewModel.swift */,
				497FBD832A3B20BB008D3EF0 /* ImageCardRowViewModel.swift */,
				4974ABC42A3A15F60076A9EF /* MediaDetailsViewModel.swift */,
				49A4868E2A407AB000209D5B /* PersonDetailsViewModel.swift */,
				49A486942A41993E00209D5B /* SearchViewModel.swift */,
				49848B132A4AD7C900B777C5 /* FavoritesViewModel.swift */,
			);
			path = ViewModels;
			sourceTree = "<group>";
		};
		49848B262A4EC72300B777C5 /* Ressources */ = {
			isa = PBXGroup;
			children = (
				492653512A2F8CD700C1B089 /* Info.plist */,
				4963648E2A2DC252009BCB9A /* Assets.xcassets */,
				49848B312A4EC93800B777C5 /* Localizable.strings */,
			);
			path = Ressources;
			sourceTree = "<group>";
		};
		49AD7A1D2A4311EB00A75190 /* Env */ = {
			isa = PBXGroup;
			children = (
				49AD7A1E2A43120500A75190 /* Env.swift */,
				49848B232A4DD4CF00B777C5 /* DebugEnv.xcconfig */,
				49848B242A4DDDF400B777C5 /* ReleaseEnv.xcconfig */,
			);
			path = Env;
			sourceTree = "<group>";
		};
		49AD7A202A434A5200A75190 /* General */ = {
			isa = PBXGroup;
			children = (
				49AD7A152A420BF900A75190 /* WebView.swift */,
				492653422A2F565000C1B089 /* SearchField.swift */,
				4927B1562A2F2BA60088F83A /* InputField.swift */,
				492653362A2F376E00C1B089 /* LoginThumbnail.swift */,
				492653382A2F460E00C1B089 /* WarningComponent.swift */,
				49A486962A41A03600209D5B /* NavigationLable.swift */,
				49AD7A172A42EE8500A75190 /* DismissSheetButton.swift */,
				49848B1F2A4D72C900B777C5 /* FavoriteButton.swift */,
			);
			path = General;
			sourceTree = "<group>";
		};
		49AD7A222A43507400A75190 /* Images+Rows+More */ = {
			isa = PBXGroup;
			children = (
				496364A92A2E39D5009BCB9A /* Img.swift */,
				49A486982A41A06300209D5B /* Card.swift */,
				497FBD872A3C4F3A008D3EF0 /* BackdropImg.swift */,
				496364A12A2E32F0009BCB9A /* ImageCard.swift */,
				496364AF2A2E457A009BCB9A /* ImageCardRow.swift */,
				497FBD812A3B1EBD008D3EF0 /* ImageCardRowMore.swift */,
				497FBD8E2A40645A008D3EF0 /* MediaDetailsRowMore.swift */,
				49AD7A192A42F4A300A75190 /* PosterRow.swift */,
				49A486922A40C0E200209D5B /* PersonImagesRow.swift */,
				49AD7A1B2A43014300A75190 /* ImagesTabNav.swift */,
				4900E3722A5440C1005E29D8 /* SheetImage.swift */,
			);
			path = "Images+Rows+More";
			sourceTree = "<group>";
		};
/* End PBXGroup section */

/* Begin PBXNativeTarget section */
		496364862A2DC251009BCB9A /* Movies */ = {
			isa = PBXNativeTarget;
			buildConfigurationList = 496364952A2DC252009BCB9A /* Build configuration list for PBXNativeTarget "Movies" */;
			buildPhases = (
				496364832A2DC251009BCB9A /* Sources */,
				496364842A2DC251009BCB9A /* Frameworks */,
				496364852A2DC251009BCB9A /* Resources */,
			);
			buildRules = (
			);
			dependencies = (
			);
			name = Movies;
			packageProductDependencies = (
				496364AD2A2E3BED009BCB9A /* Kingfisher */,
				4926534F2A2F8A1000C1B089 /* Alamofire */,
				4926536D2A30D4B700C1B089 /* KeychainAccess */,
				492653702A30D4E400C1B089 /* CodableX */,
				497FBD8A2A4037AB008D3EF0 /* YouTubePlayerKit */,
				495726A72A446A7900D9BD42 /* Lottie */,
				49848B1D2A4C926800B777C5 /* LazyViewSwiftUI */,
				49848B3A2A52AE6300B777C5 /* LanguageManagerSwiftUI */,
			);
			productName = Movie;
			productReference = 496364872A2DC251009BCB9A /* SuperMOVIE.app */;
			productType = "com.apple.product-type.application";
		};
/* End PBXNativeTarget section */

/* Begin PBXProject section */
		4963647F2A2DC251009BCB9A /* Project object */ = {
			isa = PBXProject;
			attributes = {
				BuildIndependentTargetsInParallel = 1;
				LastSwiftUpdateCheck = 1430;
				LastUpgradeCheck = 1430;
				TargetAttributes = {
					496364862A2DC251009BCB9A = {
						CreatedOnToolsVersion = 14.3.1;
					};
				};
			};
			buildConfigurationList = 496364822A2DC251009BCB9A /* Build configuration list for PBXProject "Movies" */;
			compatibilityVersion = "Xcode 14.0";
			developmentRegion = en;
			hasScannedForEncodings = 0;
			knownRegions = (
				en,
				Base,
				de,
				es,
			);
			mainGroup = 4963647E2A2DC251009BCB9A;
			packageReferences = (
				496364AC2A2E3BED009BCB9A /* XCRemoteSwiftPackageReference "Kingfisher" */,
				4926534E2A2F8A1000C1B089 /* XCRemoteSwiftPackageReference "Alamofire" */,
				4926536C2A30D4B700C1B089 /* XCRemoteSwiftPackageReference "KeychainAccess" */,
				4926536F2A30D4E400C1B089 /* XCRemoteSwiftPackageReference "CodableX" */,
				497FBD892A4037AB008D3EF0 /* XCRemoteSwiftPackageReference "YouTubePlayerKit" */,
				495726A62A446A7900D9BD42 /* XCRemoteSwiftPackageReference "lottie-ios" */,
				49848B1C2A4C926800B777C5 /* XCRemoteSwiftPackageReference "Lazy-View-SwiftUI" */,
				49848B392A52AE6300B777C5 /* XCRemoteSwiftPackageReference "LanguageManager-SwiftUI" */,
			);
			productRefGroup = 496364882A2DC251009BCB9A /* Products */;
			projectDirPath = "";
			projectRoot = "";
			targets = (
				496364862A2DC251009BCB9A /* Movies */,
			);
		};
/* End PBXProject section */

/* Begin PBXResourcesBuildPhase section */
		496364852A2DC251009BCB9A /* Resources */ = {
			isa = PBXResourcesBuildPhase;
			buildActionMask = 2147483647;
			files = (
				496364922A2DC252009BCB9A /* Preview Assets.xcassets in Resources */,
				49848B2F2A4EC93800B777C5 /* Localizable.strings in Resources */,
				49848B252A4DE17C00B777C5 /* DebugEnv.xcconfig in Resources */,
				495726B12A44A49900D9BD42 /* action.json in Resources */,
				495726BB2A45AB2600D9BD42 /* loading.json in Resources */,
				4963648F2A2DC252009BCB9A /* Assets.xcassets in Resources */,
			);
			runOnlyForDeploymentPostprocessing = 0;
		};
/* End PBXResourcesBuildPhase section */

/* Begin PBXSourcesBuildPhase section */
		496364832A2DC251009BCB9A /* Sources */ = {
			isa = PBXSourcesBuildPhase;
			buildActionMask = 2147483647;
			files = (
				492653372A2F376E00C1B089 /* LoginThumbnail.swift in Sources */,
				497FBD822A3B1EBD008D3EF0 /* ImageCardRowMore.swift in Sources */,
				496364B02A2E457A009BCB9A /* ImageCardRow.swift in Sources */,
				4926534B2A2F892A00C1B089 /* UserService.swift in Sources */,
				4926533B2A2F47E800C1B089 /* Warning.swift in Sources */,
				495726B72A4586D200D9BD42 /* LoadingView.swift in Sources */,
				496364B32A2F2243009BCB9A /* Dummy.swift in Sources */,
				492653472A2F842700C1B089 /* LoginViewModel.swift in Sources */,
				49AD7A1C2A43014300A75190 /* ImagesTabNav.swift in Sources */,
				49080FA22A377378007F130F /* Results.swift in Sources */,
				49AD7A182A42EE8500A75190 /* DismissSheetButton.swift in Sources */,
				4927B1572A2F2BA60088F83A /* InputField.swift in Sources */,
				492653392A2F460E00C1B089 /* WarningComponent.swift in Sources */,
				49080FA42A3773E9007F130F /* Endpoints.swift in Sources */,
				497FBD8F2A40645A008D3EF0 /* MediaDetailsRowMore.swift in Sources */,
				4900E3732A5440C1005E29D8 /* SheetImage.swift in Sources */,
				492653432A2F565000C1B089 /* SearchField.swift in Sources */,
				49A486932A40C0E200209D5B /* PersonImagesRow.swift in Sources */,
				4963648D2A2DC251009BCB9A /* ContentView.swift in Sources */,
				492653732A30DC5B00C1B089 /* Authentication.swift in Sources */,
				49A486952A41993E00209D5B /* SearchViewModel.swift in Sources */,
				495726B32A44A94400D9BD42 /* SettingsView.swift in Sources */,
				49A4868D2A407A2200209D5B /* PersonDetailsView.swift in Sources */,
				497FBD882A3C4F3A008D3EF0 /* BackdropImg.swift in Sources */,
				49080F982A376E94007F130F /* HomeViewModel.swift in Sources */,
				4926533D2A2F506E00C1B089 /* HomeView.swift in Sources */,
				4974ABC72A3A17ED0076A9EF /* MediaDetails.swift in Sources */,
				495726E52A49B0F400D9BD42 /* Account.swift in Sources */,
				49AD7A1A2A42F4A300A75190 /* PosterRow.swift in Sources */,
				49A486972A41A03600209D5B /* NavigationLable.swift in Sources */,
				496364A22A2E32F0009BCB9A /* ImageCard.swift in Sources */,
				4963648B2A2DC251009BCB9A /* MovieApp.swift in Sources */,
				49A4868F2A407AB000209D5B /* PersonDetailsViewModel.swift in Sources */,
				49AD7A1F2A43120500A75190 /* Env.swift in Sources */,
				49848B0E2A49CD4300B777C5 /* ContentViewModel.swift in Sources */,
				49A486992A41A06300209D5B /* Card.swift in Sources */,
				4900E3712A542DAB005E29D8 /* CreditsView.swift in Sources */,
				497FBD842A3B20BB008D3EF0 /* ImageCardRowViewModel.swift in Sources */,
				49848B142A4AD7C900B777C5 /* FavoritesViewModel.swift in Sources */,
				49A486912A40B86900209D5B /* DateTools.swift in Sources */,
				49848B382A4EFC9A00B777C5 /* LanguageTools.swift in Sources */,
				4974ABC52A3A15F60076A9EF /* MediaDetailsViewModel.swift in Sources */,
				4974ABC32A3A15E30076A9EF /* MediaDetailsView.swift in Sources */,
				49080FA02A37734C007F130F /* HomeRow.swift in Sources */,
				4926534D2A2F893E00C1B089 /* ApiService.swift in Sources */,
				49AD7A162A420BF900A75190 /* WebView.swift in Sources */,
				496364AA2A2E39D5009BCB9A /* Img.swift in Sources */,
				49848B202A4D72C900B777C5 /* FavoriteButton.swift in Sources */,
				4974ABBF2A3A135A0076A9EF /* View+Extensions.swift in Sources */,
				4900E3752A54428D005E29D8 /* ColorHelper.swift in Sources */,
				49848B122A4AD7B600B777C5 /* FavoritesView.swift in Sources */,
				495726AA2A446AF200D9BD42 /* LottieView.swift in Sources */,
				4927B1552A2F2A690088F83A /* Login.swift in Sources */,
				492653402A2F53C400C1B089 /* Search.swift in Sources */,
			);
			runOnlyForDeploymentPostprocessing = 0;
		};
/* End PBXSourcesBuildPhase section */

/* Begin PBXVariantGroup section */
		49848B312A4EC93800B777C5 /* Localizable.strings */ = {
			isa = PBXVariantGroup;
			children = (
				49848B302A4EC93800B777C5 /* en */,
				49848B352A4ED2A200B777C5 /* es */,
				49848B362A4ED8AD00B777C5 /* de */,
			);
			name = Localizable.strings;
			sourceTree = "<group>";
		};
/* End PBXVariantGroup section */

/* Begin XCBuildConfiguration section */
		496364932A2DC252009BCB9A /* Debug */ = {
			isa = XCBuildConfiguration;
			baseConfigurationReference = 49848B232A4DD4CF00B777C5 /* DebugEnv.xcconfig */;
			buildSettings = {
				ALWAYS_SEARCH_USER_PATHS = NO;
				CLANG_ANALYZER_NONNULL = YES;
				CLANG_ANALYZER_NUMBER_OBJECT_CONVERSION = YES_AGGRESSIVE;
				CLANG_CXX_LANGUAGE_STANDARD = "gnu++20";
				CLANG_ENABLE_MODULES = YES;
				CLANG_ENABLE_OBJC_ARC = YES;
				CLANG_ENABLE_OBJC_WEAK = YES;
				CLANG_WARN_BLOCK_CAPTURE_AUTORELEASING = YES;
				CLANG_WARN_BOOL_CONVERSION = YES;
				CLANG_WARN_COMMA = YES;
				CLANG_WARN_CONSTANT_CONVERSION = YES;
				CLANG_WARN_DEPRECATED_OBJC_IMPLEMENTATIONS = YES;
				CLANG_WARN_DIRECT_OBJC_ISA_USAGE = YES_ERROR;
				CLANG_WARN_DOCUMENTATION_COMMENTS = YES;
				CLANG_WARN_EMPTY_BODY = YES;
				CLANG_WARN_ENUM_CONVERSION = YES;
				CLANG_WARN_INFINITE_RECURSION = YES;
				CLANG_WARN_INT_CONVERSION = YES;
				CLANG_WARN_NON_LITERAL_NULL_CONVERSION = YES;
				CLANG_WARN_OBJC_IMPLICIT_RETAIN_SELF = YES;
				CLANG_WARN_OBJC_LITERAL_CONVERSION = YES;
				CLANG_WARN_OBJC_ROOT_CLASS = YES_ERROR;
				CLANG_WARN_QUOTED_INCLUDE_IN_FRAMEWORK_HEADER = YES;
				CLANG_WARN_RANGE_LOOP_ANALYSIS = YES;
				CLANG_WARN_STRICT_PROTOTYPES = YES;
				CLANG_WARN_SUSPICIOUS_MOVE = YES;
				CLANG_WARN_UNGUARDED_AVAILABILITY = YES_AGGRESSIVE;
				CLANG_WARN_UNREACHABLE_CODE = YES;
				CLANG_WARN__DUPLICATE_METHOD_MATCH = YES;
				COPY_PHASE_STRIP = NO;
				DEBUG_INFORMATION_FORMAT = dwarf;
				ENABLE_STRICT_OBJC_MSGSEND = YES;
				ENABLE_TESTABILITY = YES;
				GCC_C_LANGUAGE_STANDARD = gnu11;
				GCC_DYNAMIC_NO_PIC = NO;
				GCC_NO_COMMON_BLOCKS = YES;
				GCC_OPTIMIZATION_LEVEL = 0;
				GCC_PREPROCESSOR_DEFINITIONS = (
					"DEBUG=1",
					"$(inherited)",
				);
				GCC_WARN_64_TO_32_BIT_CONVERSION = YES;
				GCC_WARN_ABOUT_RETURN_TYPE = YES_ERROR;
				GCC_WARN_UNDECLARED_SELECTOR = YES;
				GCC_WARN_UNINITIALIZED_AUTOS = YES_AGGRESSIVE;
				GCC_WARN_UNUSED_FUNCTION = YES;
				GCC_WARN_UNUSED_VARIABLE = YES;
				IPHONEOS_DEPLOYMENT_TARGET = 16.0;
				MTL_ENABLE_DEBUG_INFO = INCLUDE_SOURCE;
				MTL_FAST_MATH = YES;
				ONLY_ACTIVE_ARCH = YES;
				SDKROOT = iphoneos;
				SWIFT_ACTIVE_COMPILATION_CONDITIONS = DEBUG;
				SWIFT_OPTIMIZATION_LEVEL = "-Onone";
			};
			name = Debug;
		};
		496364942A2DC252009BCB9A /* Release */ = {
			isa = XCBuildConfiguration;
			baseConfigurationReference = 49848B242A4DDDF400B777C5 /* ReleaseEnv.xcconfig */;
			buildSettings = {
				ALWAYS_SEARCH_USER_PATHS = NO;
				CLANG_ANALYZER_NONNULL = YES;
				CLANG_ANALYZER_NUMBER_OBJECT_CONVERSION = YES_AGGRESSIVE;
				CLANG_CXX_LANGUAGE_STANDARD = "gnu++20";
				CLANG_ENABLE_MODULES = YES;
				CLANG_ENABLE_OBJC_ARC = YES;
				CLANG_ENABLE_OBJC_WEAK = YES;
				CLANG_WARN_BLOCK_CAPTURE_AUTORELEASING = YES;
				CLANG_WARN_BOOL_CONVERSION = YES;
				CLANG_WARN_COMMA = YES;
				CLANG_WARN_CONSTANT_CONVERSION = YES;
				CLANG_WARN_DEPRECATED_OBJC_IMPLEMENTATIONS = YES;
				CLANG_WARN_DIRECT_OBJC_ISA_USAGE = YES_ERROR;
				CLANG_WARN_DOCUMENTATION_COMMENTS = YES;
				CLANG_WARN_EMPTY_BODY = YES;
				CLANG_WARN_ENUM_CONVERSION = YES;
				CLANG_WARN_INFINITE_RECURSION = YES;
				CLANG_WARN_INT_CONVERSION = YES;
				CLANG_WARN_NON_LITERAL_NULL_CONVERSION = YES;
				CLANG_WARN_OBJC_IMPLICIT_RETAIN_SELF = YES;
				CLANG_WARN_OBJC_LITERAL_CONVERSION = YES;
				CLANG_WARN_OBJC_ROOT_CLASS = YES_ERROR;
				CLANG_WARN_QUOTED_INCLUDE_IN_FRAMEWORK_HEADER = YES;
				CLANG_WARN_RANGE_LOOP_ANALYSIS = YES;
				CLANG_WARN_STRICT_PROTOTYPES = YES;
				CLANG_WARN_SUSPICIOUS_MOVE = YES;
				CLANG_WARN_UNGUARDED_AVAILABILITY = YES_AGGRESSIVE;
				CLANG_WARN_UNREACHABLE_CODE = YES;
				CLANG_WARN__DUPLICATE_METHOD_MATCH = YES;
				COPY_PHASE_STRIP = NO;
				DEBUG_INFORMATION_FORMAT = "dwarf-with-dsym";
				ENABLE_NS_ASSERTIONS = NO;
				ENABLE_STRICT_OBJC_MSGSEND = YES;
				GCC_C_LANGUAGE_STANDARD = gnu11;
				GCC_NO_COMMON_BLOCKS = YES;
				GCC_WARN_64_TO_32_BIT_CONVERSION = YES;
				GCC_WARN_ABOUT_RETURN_TYPE = YES_ERROR;
				GCC_WARN_UNDECLARED_SELECTOR = YES;
				GCC_WARN_UNINITIALIZED_AUTOS = YES_AGGRESSIVE;
				GCC_WARN_UNUSED_FUNCTION = YES;
				GCC_WARN_UNUSED_VARIABLE = YES;
				IPHONEOS_DEPLOYMENT_TARGET = 16.0;
				MTL_ENABLE_DEBUG_INFO = NO;
				MTL_FAST_MATH = YES;
				SDKROOT = iphoneos;
				SWIFT_COMPILATION_MODE = wholemodule;
				SWIFT_OPTIMIZATION_LEVEL = "-O";
				VALIDATE_PRODUCT = YES;
			};
			name = Release;
		};
		496364962A2DC252009BCB9A /* Debug */ = {
			isa = XCBuildConfiguration;
			baseConfigurationReference = 49848B232A4DD4CF00B777C5 /* DebugEnv.xcconfig */;
			buildSettings = {
				ASSETCATALOG_COMPILER_APPICON_NAME = AppIcon;
				ASSETCATALOG_COMPILER_GLOBAL_ACCENT_COLOR_NAME = AccentColor;
				CODE_SIGN_STYLE = Automatic;
				CURRENT_PROJECT_VERSION = 1;
				DEVELOPMENT_ASSET_PATHS = "\"Movies/Preview Content\"";
				DEVELOPMENT_TEAM = 3DV3NSQV64;
				ENABLE_PREVIEWS = YES;
				GENERATE_INFOPLIST_FILE = YES;
				INFOPLIST_FILE = Movies/Ressources/Info.plist;
				INFOPLIST_KEY_UIApplicationSceneManifest_Generation = YES;
				INFOPLIST_KEY_UIApplicationSupportsIndirectInputEvents = YES;
				INFOPLIST_KEY_UILaunchScreen_Generation = YES;
				INFOPLIST_KEY_UISupportedInterfaceOrientations_iPad = "UIInterfaceOrientationPortrait UIInterfaceOrientationPortraitUpsideDown UIInterfaceOrientationLandscapeLeft UIInterfaceOrientationLandscapeRight";
				INFOPLIST_KEY_UISupportedInterfaceOrientations_iPhone = "UIInterfaceOrientationPortrait UIInterfaceOrientationLandscapeLeft UIInterfaceOrientationLandscapeRight";
				LD_RUNPATH_SEARCH_PATHS = (
					"$(inherited)",
					"@executable_path/Frameworks",
				);
				MARKETING_VERSION = 1.0;
				PRODUCT_BUNDLE_IDENTIFIER = com.miguelcorrea.Movie;
				PRODUCT_NAME = "$(TARGET_NAME)";
				SWIFT_EMIT_LOC_STRINGS = YES;
				SWIFT_VERSION = 5.0;
				TARGETED_DEVICE_FAMILY = "1,2";
			};
			name = Debug;
		};
		496364972A2DC252009BCB9A /* Release */ = {
			isa = XCBuildConfiguration;
			buildSettings = {
				ASSETCATALOG_COMPILER_APPICON_NAME = AppIcon;
				ASSETCATALOG_COMPILER_GLOBAL_ACCENT_COLOR_NAME = AccentColor;
				CODE_SIGN_STYLE = Automatic;
				CURRENT_PROJECT_VERSION = 1;
				DEVELOPMENT_ASSET_PATHS = "\"Movies/Preview Content\"";
				DEVELOPMENT_TEAM = 3DV3NSQV64;
				ENABLE_PREVIEWS = YES;
				GENERATE_INFOPLIST_FILE = YES;
				INFOPLIST_FILE = Movies/Ressources/Info.plist;
				INFOPLIST_KEY_UIApplicationSceneManifest_Generation = YES;
				INFOPLIST_KEY_UIApplicationSupportsIndirectInputEvents = YES;
				INFOPLIST_KEY_UILaunchScreen_Generation = YES;
				INFOPLIST_KEY_UISupportedInterfaceOrientations_iPad = "UIInterfaceOrientationPortrait UIInterfaceOrientationPortraitUpsideDown UIInterfaceOrientationLandscapeLeft UIInterfaceOrientationLandscapeRight";
				INFOPLIST_KEY_UISupportedInterfaceOrientations_iPhone = "UIInterfaceOrientationPortrait UIInterfaceOrientationLandscapeLeft UIInterfaceOrientationLandscapeRight";
				LD_RUNPATH_SEARCH_PATHS = (
					"$(inherited)",
					"@executable_path/Frameworks",
				);
				MARKETING_VERSION = 1.0;
				PRODUCT_BUNDLE_IDENTIFIER = com.miguelcorrea.Movie;
				PRODUCT_NAME = "$(TARGET_NAME)";
				SWIFT_EMIT_LOC_STRINGS = YES;
				SWIFT_VERSION = 5.0;
				TARGETED_DEVICE_FAMILY = "1,2";
			};
			name = Release;
		};
/* End XCBuildConfiguration section */

/* Begin XCConfigurationList section */
		496364822A2DC251009BCB9A /* Build configuration list for PBXProject "Movies" */ = {
			isa = XCConfigurationList;
			buildConfigurations = (
				496364932A2DC252009BCB9A /* Debug */,
				496364942A2DC252009BCB9A /* Release */,
			);
			defaultConfigurationIsVisible = 0;
			defaultConfigurationName = Debug;
		};
		496364952A2DC252009BCB9A /* Build configuration list for PBXNativeTarget "Movies" */ = {
			isa = XCConfigurationList;
			buildConfigurations = (
				496364962A2DC252009BCB9A /* Debug */,
				496364972A2DC252009BCB9A /* Release */,
			);
			defaultConfigurationIsVisible = 0;
			defaultConfigurationName = Debug;
		};
/* End XCConfigurationList section */

/* Begin XCRemoteSwiftPackageReference section */
		4926534E2A2F8A1000C1B089 /* XCRemoteSwiftPackageReference "Alamofire" */ = {
			isa = XCRemoteSwiftPackageReference;
			repositoryURL = "https://github.com/Alamofire/Alamofire";
			requirement = {
				kind = exactVersion;
				version = 5.4.1;
			};
		};
		4926536C2A30D4B700C1B089 /* XCRemoteSwiftPackageReference "KeychainAccess" */ = {
			isa = XCRemoteSwiftPackageReference;
			repositoryURL = "https://github.com/kishikawakatsumi/KeychainAccess";
			requirement = {
				branch = master;
				kind = branch;
			};
		};
		4926536F2A30D4E400C1B089 /* XCRemoteSwiftPackageReference "CodableX" */ = {
			isa = XCRemoteSwiftPackageReference;
			repositoryURL = "https://github.com/dscyrescotti/CodableX";
			requirement = {
				kind = upToNextMajorVersion;
				minimumVersion = 0.2.0;
			};
		};
		495726A62A446A7900D9BD42 /* XCRemoteSwiftPackageReference "lottie-ios" */ = {
			isa = XCRemoteSwiftPackageReference;
			repositoryURL = "https://github.com/airbnb/lottie-ios";
			requirement = {
				kind = upToNextMajorVersion;
				minimumVersion = 4.0.0;
			};
		};
		496364AC2A2E3BED009BCB9A /* XCRemoteSwiftPackageReference "Kingfisher" */ = {
			isa = XCRemoteSwiftPackageReference;
			repositoryURL = "https://github.com/onevcat/Kingfisher.git";
			requirement = {
				kind = exactVersion;
				version = 6.0.1;
			};
		};
		497FBD892A4037AB008D3EF0 /* XCRemoteSwiftPackageReference "YouTubePlayerKit" */ = {
			isa = XCRemoteSwiftPackageReference;
			repositoryURL = "https://github.com/SvenTiigi/YouTubePlayerKit";
			requirement = {
				kind = upToNextMajorVersion;
				minimumVersion = 1.0.0;
			};
		};
		49848B1C2A4C926800B777C5 /* XCRemoteSwiftPackageReference "Lazy-View-SwiftUI" */ = {
			isa = XCRemoteSwiftPackageReference;
			repositoryURL = "https://github.com/joehinkle11/Lazy-View-SwiftUI";
			requirement = {
				branch = master;
				kind = branch;
			};
		};
		49848B392A52AE6300B777C5 /* XCRemoteSwiftPackageReference "LanguageManager-SwiftUI" */ = {
			isa = XCRemoteSwiftPackageReference;
			repositoryURL = "https://github.com/Abedalkareem/LanguageManager-SwiftUI";
			requirement = {
				kind = upToNextMajorVersion;
				minimumVersion = 0.0.6;
			};
		};
/* End XCRemoteSwiftPackageReference section */

/* Begin XCSwiftPackageProductDependency section */
		4926534F2A2F8A1000C1B089 /* Alamofire */ = {
			isa = XCSwiftPackageProductDependency;
			package = 4926534E2A2F8A1000C1B089 /* XCRemoteSwiftPackageReference "Alamofire" */;
			productName = Alamofire;
		};
		4926536D2A30D4B700C1B089 /* KeychainAccess */ = {
			isa = XCSwiftPackageProductDependency;
			package = 4926536C2A30D4B700C1B089 /* XCRemoteSwiftPackageReference "KeychainAccess" */;
			productName = KeychainAccess;
		};
		492653702A30D4E400C1B089 /* CodableX */ = {
			isa = XCSwiftPackageProductDependency;
			package = 4926536F2A30D4E400C1B089 /* XCRemoteSwiftPackageReference "CodableX" */;
			productName = CodableX;
		};
		495726A72A446A7900D9BD42 /* Lottie */ = {
			isa = XCSwiftPackageProductDependency;
			package = 495726A62A446A7900D9BD42 /* XCRemoteSwiftPackageReference "lottie-ios" */;
			productName = Lottie;
		};
		496364AD2A2E3BED009BCB9A /* Kingfisher */ = {
			isa = XCSwiftPackageProductDependency;
			package = 496364AC2A2E3BED009BCB9A /* XCRemoteSwiftPackageReference "Kingfisher" */;
			productName = Kingfisher;
		};
		497FBD8A2A4037AB008D3EF0 /* YouTubePlayerKit */ = {
			isa = XCSwiftPackageProductDependency;
			package = 497FBD892A4037AB008D3EF0 /* XCRemoteSwiftPackageReference "YouTubePlayerKit" */;
			productName = YouTubePlayerKit;
		};
		49848B1D2A4C926800B777C5 /* LazyViewSwiftUI */ = {
			isa = XCSwiftPackageProductDependency;
			package = 49848B1C2A4C926800B777C5 /* XCRemoteSwiftPackageReference "Lazy-View-SwiftUI" */;
			productName = LazyViewSwiftUI;
		};
		49848B3A2A52AE6300B777C5 /* LanguageManagerSwiftUI */ = {
			isa = XCSwiftPackageProductDependency;
			package = 49848B392A52AE6300B777C5 /* XCRemoteSwiftPackageReference "LanguageManager-SwiftUI" */;
			productName = LanguageManagerSwiftUI;
		};
/* End XCSwiftPackageProductDependency section */
	};
	rootObject = 4963647F2A2DC251009BCB9A /* Project object */;
}
